
Microsoft Visual Studio Solution File, Format Version 12.00
# Visual Studio Version 16
VisualStudioVersion = 16.0.31321.278
MinimumVisualStudioVersion = 10.0.40219.1
Project("{FAE04EC0-301F-11D3-BF4B-00C04F79EFBC}") = "NomiBotDS", "NomiBotDS.csproj", "{18641ECF-95F2-46B6-879D-CC534DB07877}"
EndProject
Project("{2150E333-8FDC-42A3-9474-1A3956D46DE8}") = "Solution Items", "Solution Items", "{4D75508C-2D7F-4253-8D4C-AC9A265A22CF}"
	ProjectSection(SolutionItems) = preProject
		.editorconfig = .editorconfig
	EndProjectSection
EndProject
Global
	GlobalSection(SolutionConfigurationPlatforms) = preSolution
		Debug|Any CPU = Debug|Any CPU
		Debug|x64 = Debug|x64
		Release|Any CPU = Release|Any CPU
		Release|x64 = Release|x64
	EndGlobalSection
	GlobalSection(ProjectConfigurationPlatforms) = postSolution
		{18641ECF-95F2-46B6-879D-CC534DB07877}.Debug|Any CPU.ActiveCfg = Debug|Any CPU
		{18641ECF-95F2-46B6-879D-CC534DB07877}.Debug|Any CPU.Build.0 = Debug|Any CPU
		{18641ECF-95F2-46B6-879D-CC534DB07877}.Debug|x64.ActiveCfg = Debug|x64
		{18641ECF-95F2-46B6-879D-CC534DB07877}.Debug|x64.Build.0 = Debug|x64
		{18641ECF-95F2-46B6-879D-CC534DB07877}.Release|Any CPU.ActiveCfg = Release|Any CPU
		{18641ECF-95F2-46B6-879D-CC534DB07877}.Release|Any CPU.Build.0 = Release|Any CPU
		{18641ECF-95F2-46B6-879D-CC534DB07877}.Release|x64.ActiveCfg = Release|x64
		{18641ECF-95F2-46B6-879D-CC534DB07877}.Release|x64.Build.0 = Release|x64
	EndGlobalSection
	GlobalSection(SolutionProperties) = preSolution
		HideSolutionNode = FALSE
	EndGlobalSection
	GlobalSection(ExtensibilityGlobals) = postSolution
		SolutionGuid = {B83266B0-52BF-458B-AB42-41FCB8E8ECF6}
	EndGlobalSection
EndGlobal
